
Microsoft Visual Studio Solution File, Format Version 12.00
# Visual Studio Version 16
VisualStudioVersion = 16.0.31729.503
MinimumVisualStudioVersion = 10.0.40219.1
Project("{FAE04EC0-301F-11D3-BF4B-00C04F79EFBC}") = "BigSchool", "BigSchool\BigSchool.csproj", "{8D4EECB9-6071-41CB-B82C-0F6A24914E09}"
EndProject
Global
	GlobalSection(SolutionConfigurationPlatforms) = preSolution
		Debug|Any CPU = Debug|Any CPU
		Release|Any CPU = Release|Any CPU
	EndGlobalSection
	GlobalSection(ProjectConfigurationPlatforms) = postSolution
		{8D4EECB9-6071-41CB-B82C-0F6A24914E09}.Debug|Any CPU.ActiveCfg = Debug|Any CPU
		{8D4EECB9-6071-41CB-B82C-0F6A24914E09}.Debug|Any CPU.Build.0 = Debug|Any CPU
		{8D4EECB9-6071-41CB-B82C-0F6A24914E09}.Release|Any CPU.ActiveCfg = Release|Any CPU
		{8D4EECB9-6071-41CB-B82C-0F6A24914E09}.Release|Any CPU.Build.0 = Release|Any CPU
	EndGlobalSection
	GlobalSection(SolutionProperties) = preSolution
		HideSolutionNode = FALSE
	EndGlobalSection
	GlobalSection(ExtensibilityGlobals) = postSolution
		SolutionGuid = {B0B9BE89-0F93-4357-923E-B4DFE44D96C8}
	EndGlobalSection
EndGlobal
